
Microsoft Visual Studio Solution File, Format Version 12.00
# Visual Studio 2013
VisualStudioVersion = 12.0.40629.0
MinimumVisualStudioVersion = 10.0.40219.1
Project("{FAE04EC0-301F-11D3-BF4B-00C04F79EFBC}") = "NguyenDucPhat_2001207025_BTVN", "NguyenDucPhat_2001207025_BTVN\NguyenDucPhat_2001207025_BTVN.csproj", "{AAA55F0C-2423-44C1-8BFE-5E2E700F18CD}"
EndProject
Global
	GlobalSection(SolutionConfigurationPlatforms) = preSolution
		Debug|Any CPU = Debug|Any CPU
		Release|Any CPU = Release|Any CPU
	EndGlobalSection
	GlobalSection(ProjectConfigurationPlatforms) = postSolution
		{AAA55F0C-2423-44C1-8BFE-5E2E700F18CD}.Debug|Any CPU.ActiveCfg = Debug|Any CPU
		{AAA55F0C-2423-44C1-8BFE-5E2E700F18CD}.Debug|Any CPU.Build.0 = Debug|Any CPU
		{AAA55F0C-2423-44C1-8BFE-5E2E700F18CD}.Release|Any CPU.ActiveCfg = Release|Any CPU
		{AAA55F0C-2423-44C1-8BFE-5E2E700F18CD}.Release|Any CPU.Build.0 = Release|Any CPU
	EndGlobalSection
	GlobalSection(SolutionProperties) = preSolution
		HideSolutionNode = FALSE
	EndGlobalSection
EndGlobal
